
Microsoft Visual Studio Solution File, Format Version 12.00
# Visual Studio Version 17
VisualStudioVersion = 17.0.32014.148
MinimumVisualStudioVersion = 10.0.40219.1
Project("{FAE04EC0-301F-11D3-BF4B-00C04F79EFBC}") = "UltraPlayer", "UltraPlayer\UltraPlayer.csproj", "{9E6B85D4-B406-4076-8739-82E6016D5745}"
EndProject
Global
	GlobalSection(SolutionConfigurationPlatforms) = preSolution
		Debug|Any CPU = Debug|Any CPU
		Release|Any CPU = Release|Any CPU
	EndGlobalSection
	GlobalSection(ProjectConfigurationPlatforms) = postSolution
		{9E6B85D4-B406-4076-8739-82E6016D5745}.Debug|Any CPU.ActiveCfg = Debug|Any CPU
		{9E6B85D4-B406-4076-8739-82E6016D5745}.Debug|Any CPU.Build.0 = Debug|Any CPU
		{9E6B85D4-B406-4076-8739-82E6016D5745}.Release|Any CPU.ActiveCfg = Release|Any CPU
		{9E6B85D4-B406-4076-8739-82E6016D5745}.Release|Any CPU.Build.0 = Release|Any CPU
	EndGlobalSection
	GlobalSection(SolutionProperties) = preSolution
		HideSolutionNode = FALSE
	EndGlobalSection
	GlobalSection(ExtensibilityGlobals) = postSolution
		SolutionGuid = {015FF0EA-F091-4B08-BDCF-2B6C25423F38}
	EndGlobalSection
EndGlobal
